
Microsoft Visual Studio Solution File, Format Version 12.00
# Visual Studio 2017
Project("{FAE04EC0-301F-11D3-BF4B-00C04F79EFBC}") = "WH Stitching.Plugins", "WH Stitching.Plugins.csproj", "{164192AD-B2C8-7282-7FCD-8DE040257435}"
EndProject
Project("{FAE04EC0-301F-11D3-BF4B-00C04F79EFBC}") = "WH Stitching", "WH Stitching.csproj", "{D458114A-C3A6-B954-D2E1-6B3D8145C658}"
EndProject
Project("{FAE04EC0-301F-11D3-BF4B-00C04F79EFBC}") = "WH Stitching.Editor.Plugins", "WH Stitching.Editor.Plugins.csproj", "{DC3DB2BD-D1DE-BF70-4D34-858C2D5FF93C}"
EndProject
Global
	GlobalSection(SolutionConfigurationPlatforms) = preSolution
		Debug|Any CPU = Debug|Any CPU
		Release|Any CPU = Release|Any CPU
	EndGlobalSection
	GlobalSection(ProjectConfigurationPlatforms) = postSolution
		{164192AD-B2C8-7282-7FCD-8DE040257435}.Debug|Any CPU.ActiveCfg = Debug|Any CPU
		{164192AD-B2C8-7282-7FCD-8DE040257435}.Debug|Any CPU.Build.0 = Debug|Any CPU
		{164192AD-B2C8-7282-7FCD-8DE040257435}.Release|Any CPU.ActiveCfg = Release|Any CPU
		{164192AD-B2C8-7282-7FCD-8DE040257435}.Release|Any CPU.Build.0 = Release|Any CPU
		{D458114A-C3A6-B954-D2E1-6B3D8145C658}.Debug|Any CPU.ActiveCfg = Debug|Any CPU
		{D458114A-C3A6-B954-D2E1-6B3D8145C658}.Debug|Any CPU.Build.0 = Debug|Any CPU
		{D458114A-C3A6-B954-D2E1-6B3D8145C658}.Release|Any CPU.ActiveCfg = Release|Any CPU
		{D458114A-C3A6-B954-D2E1-6B3D8145C658}.Release|Any CPU.Build.0 = Release|Any CPU
		{DC3DB2BD-D1DE-BF70-4D34-858C2D5FF93C}.Debug|Any CPU.ActiveCfg = Debug|Any CPU
		{DC3DB2BD-D1DE-BF70-4D34-858C2D5FF93C}.Debug|Any CPU.Build.0 = Debug|Any CPU
		{DC3DB2BD-D1DE-BF70-4D34-858C2D5FF93C}.Release|Any CPU.ActiveCfg = Release|Any CPU
		{DC3DB2BD-D1DE-BF70-4D34-858C2D5FF93C}.Release|Any CPU.Build.0 = Release|Any CPU
	EndGlobalSection
	GlobalSection(SolutionProperties) = preSolution
		HideSolutionNode = FALSE
	EndGlobalSection
EndGlobal
